
Microsoft Visual Studio Solution File, Format Version 12.00
# Visual Studio 15
VisualStudioVersion = 15.0.28307.489
MinimumVisualStudioVersion = 10.0.40219.1
Project("{8BC9CEB8-8B4A-11D0-8D11-00A0C91BC942}") = "cwithcplus", "cwithcplus\cwithcplus.vcxproj", "{7EB4E7B5-3EDB-49BB-806C-1FD7330942CA}"
EndProject
Project("{888888A0-9F3D-457C-B088-3A5042F75D52}") = "aim2offer", "aim2offer\aim2offer.pyproj", "{E5EE1779-4F42-47C7-B4B1-D0F087306D11}"
EndProject
Global
	GlobalSection(SolutionConfigurationPlatforms) = preSolution
		Debug|Any CPU = Debug|Any CPU
		Debug|x64 = Debug|x64
		Debug|x86 = Debug|x86
		Release|Any CPU = Release|Any CPU
		Release|x64 = Release|x64
		Release|x86 = Release|x86
	EndGlobalSection
	GlobalSection(ProjectConfigurationPlatforms) = postSolution
		{7EB4E7B5-3EDB-49BB-806C-1FD7330942CA}.Debug|Any CPU.ActiveCfg = Debug|Win32
		{7EB4E7B5-3EDB-49BB-806C-1FD7330942CA}.Debug|x64.ActiveCfg = Debug|x64
		{7EB4E7B5-3EDB-49BB-806C-1FD7330942CA}.Debug|x64.Build.0 = Debug|x64
		{7EB4E7B5-3EDB-49BB-806C-1FD7330942CA}.Debug|x86.ActiveCfg = Debug|Win32
		{7EB4E7B5-3EDB-49BB-806C-1FD7330942CA}.Debug|x86.Build.0 = Debug|Win32
		{7EB4E7B5-3EDB-49BB-806C-1FD7330942CA}.Release|Any CPU.ActiveCfg = Release|Win32
		{7EB4E7B5-3EDB-49BB-806C-1FD7330942CA}.Release|x64.ActiveCfg = Release|x64
		{7EB4E7B5-3EDB-49BB-806C-1FD7330942CA}.Release|x64.Build.0 = Release|x64
		{7EB4E7B5-3EDB-49BB-806C-1FD7330942CA}.Release|x86.ActiveCfg = Release|Win32
		{7EB4E7B5-3EDB-49BB-806C-1FD7330942CA}.Release|x86.Build.0 = Release|Win32
		{E5EE1779-4F42-47C7-B4B1-D0F087306D11}.Debug|Any CPU.ActiveCfg = Debug|Any CPU
		{E5EE1779-4F42-47C7-B4B1-D0F087306D11}.Debug|x64.ActiveCfg = Debug|Any CPU
		{E5EE1779-4F42-47C7-B4B1-D0F087306D11}.Debug|x86.ActiveCfg = Debug|Any CPU
		{E5EE1779-4F42-47C7-B4B1-D0F087306D11}.Release|Any CPU.ActiveCfg = Release|Any CPU
		{E5EE1779-4F42-47C7-B4B1-D0F087306D11}.Release|x64.ActiveCfg = Release|Any CPU
		{E5EE1779-4F42-47C7-B4B1-D0F087306D11}.Release|x86.ActiveCfg = Release|Any CPU
	EndGlobalSection
	GlobalSection(SolutionProperties) = preSolution
		HideSolutionNode = FALSE
	EndGlobalSection
	GlobalSection(ExtensibilityGlobals) = postSolution
		SolutionGuid = {CEF260C6-1781-4973-BD52-96D0FBE4AE9A}
	EndGlobalSection
EndGlobal
