
Microsoft Visual Studio Solution File, Format Version 12.00
# Visual Studio 15
VisualStudioVersion = 15.0.28307.489
MinimumVisualStudioVersion = 10.0.40219.1
Project("{8BC9CEB8-8B4A-11D0-8D11-00A0C91BC942}") = "cwithcplus", "cwithcplus.vcxproj", "{7EB4E7B5-3EDB-49BB-806C-1FD7330942CA}"
EndProject
Global
	GlobalSection(SolutionConfigurationPlatforms) = preSolution
		Debug|x64 = Debug|x64
		Debug|x86 = Debug|x86
		Release|x64 = Release|x64
		Release|x86 = Release|x86
	EndGlobalSection
	GlobalSection(ProjectConfigurationPlatforms) = postSolution
		{7EB4E7B5-3EDB-49BB-806C-1FD7330942CA}.Debug|x64.ActiveCfg = Debug|x64
		{7EB4E7B5-3EDB-49BB-806C-1FD7330942CA}.Debug|x64.Build.0 = Debug|x64
		{7EB4E7B5-3EDB-49BB-806C-1FD7330942CA}.Debug|x86.ActiveCfg = Debug|Win32
		{7EB4E7B5-3EDB-49BB-806C-1FD7330942CA}.Debug|x86.Build.0 = Debug|Win32
		{7EB4E7B5-3EDB-49BB-806C-1FD7330942CA}.Release|x64.ActiveCfg = Release|x64
		{7EB4E7B5-3EDB-49BB-806C-1FD7330942CA}.Release|x64.Build.0 = Release|x64
		{7EB4E7B5-3EDB-49BB-806C-1FD7330942CA}.Release|x86.ActiveCfg = Release|Win32
		{7EB4E7B5-3EDB-49BB-806C-1FD7330942CA}.Release|x86.Build.0 = Release|Win32
	EndGlobalSection
	GlobalSection(SolutionProperties) = preSolution
		HideSolutionNode = FALSE
	EndGlobalSection
	GlobalSection(ExtensibilityGlobals) = postSolution
		SolutionGuid = {182E1AF3-0640-4864-B7C4-41C8C77B9023}
	EndGlobalSection
EndGlobal
